// !$*UTF8*$!
{
	archiveVersion = 1;
	classes = {
	};
	objectVersion = 50;
	objects = {

/* Begin PBXBuildFile section */
		38F04F541C2C888359AB8568 /* Pods_KiwiPods.framework in Frameworks */ = {isa = PBXBuildFile; fileRef = 41185E9826A76800BF01C8A8 /* Pods_KiwiPods.framework */; };
		D66ADF4121D50488004499F2 /* HashTextView.swift in Sources */ = {isa = PBXBuildFile; fileRef = D66ADF3E21D50488004499F2 /* HashTextView.swift */; };
		D66ADF4221D50488004499F2 /* UILinkLabel.swift in Sources */ = {isa = PBXBuildFile; fileRef = D66ADF4021D50488004499F2 /* UILinkLabel.swift */; };
		D66ADF4F21D504B0004499F2 /* ImagePickerController.swift in Sources */ = {isa = PBXBuildFile; fileRef = D66ADF4321D504AD004499F2 /* ImagePickerController.swift */; };
		D66ADF5021D504B0004499F2 /* FacebookLoginHelper.swift in Sources */ = {isa = PBXBuildFile; fileRef = D66ADF4421D504AD004499F2 /* FacebookLoginHelper.swift */; };
		D66ADF5121D504B0004499F2 /* TwitterHandler.swift in Sources */ = {isa = PBXBuildFile; fileRef = D66ADF4521D504AE004499F2 /* TwitterHandler.swift */; };
		D66ADF5221D504B0004499F2 /* DeviceMediaHandler.swift in Sources */ = {isa = PBXBuildFile; fileRef = D66ADF4621D504AE004499F2 /* DeviceMediaHandler.swift */; };
		D66ADF5321D504B0004499F2 /* FacebookHandler.swift in Sources */ = {isa = PBXBuildFile; fileRef = D66ADF4721D504AE004499F2 /* FacebookHandler.swift */; };
		D66ADF5421D504B0004499F2 /* TwitterHelper.swift in Sources */ = {isa = PBXBuildFile; fileRef = D66ADF4821D504AE004499F2 /* TwitterHelper.swift */; };
		D66ADF5521D504B0004499F2 /* ImagePickerCell.swift in Sources */ = {isa = PBXBuildFile; fileRef = D66ADF4921D504AE004499F2 /* ImagePickerCell.swift */; };
		D66ADF5621D504B0004499F2 /* ImagePickerCell.xib in Resources */ = {isa = PBXBuildFile; fileRef = D66ADF4A21D504AF004499F2 /* ImagePickerCell.xib */; };
		D66ADF5721D504B0004499F2 /* ImagePickerController.xib in Resources */ = {isa = PBXBuildFile; fileRef = D66ADF4B21D504AF004499F2 /* ImagePickerController.xib */; };
		D66ADF5821D504B0004499F2 /* ImagePicker.swift in Sources */ = {isa = PBXBuildFile; fileRef = D66ADF4C21D504AF004499F2 /* ImagePicker.swift */; };
		D66ADF5921D504B0004499F2 /* LoadingCell.xib in Resources */ = {isa = PBXBuildFile; fileRef = D66ADF4D21D504AF004499F2 /* LoadingCell.xib */; };
		D66ADF5A21D504B0004499F2 /* LoadingCell.swift in Sources */ = {isa = PBXBuildFile; fileRef = D66ADF4E21D504B0004499F2 /* LoadingCell.swift */; };
		D6B031612189D172003431C6 /* KiwiPods.h in Headers */ = {isa = PBXBuildFile; fileRef = D6B0315F2189D172003431C6 /* KiwiPods.h */; settings = {ATTRIBUTES = (Public, ); }; };
		D6B031692189D2C9003431C6 /* NetworkManager.swift in Sources */ = {isa = PBXBuildFile; fileRef = D6B031682189D2C9003431C6 /* NetworkManager.swift */; };
/* End PBXBuildFile section */

/* Begin PBXFileReference section */
		41185E9826A76800BF01C8A8 /* Pods_KiwiPods.framework */ = {isa = PBXFileReference; explicitFileType = wrapper.framework; includeInIndex = 0; path = Pods_KiwiPods.framework; sourceTree = BUILT_PRODUCTS_DIR; };
		807FADC5BC231460701B403A /* Pods-KiwiPods.release.xcconfig */ = {isa = PBXFileReference; includeInIndex = 1; lastKnownFileType = text.xcconfig; name = "Pods-KiwiPods.release.xcconfig"; path = "Pods/Target Support Files/Pods-KiwiPods/Pods-KiwiPods.release.xcconfig"; sourceTree = "<group>"; };
		C57934D16A5207D271DDC35C /* Pods-KiwiPods.debug.xcconfig */ = {isa = PBXFileReference; includeInIndex = 1; lastKnownFileType = text.xcconfig; name = "Pods-KiwiPods.debug.xcconfig"; path = "Pods/Target Support Files/Pods-KiwiPods/Pods-KiwiPods.debug.xcconfig"; sourceTree = "<group>"; };
		D66ADF3E21D50488004499F2 /* HashTextView.swift */ = {isa = PBXFileReference; fileEncoding = 4; lastKnownFileType = sourcecode.swift; path = HashTextView.swift; sourceTree = "<group>"; };
		D66ADF4021D50488004499F2 /* UILinkLabel.swift */ = {isa = PBXFileReference; fileEncoding = 4; lastKnownFileType = sourcecode.swift; path = UILinkLabel.swift; sourceTree = "<group>"; };
		D66ADF4321D504AD004499F2 /* ImagePickerController.swift */ = {isa = PBXFileReference; fileEncoding = 4; lastKnownFileType = sourcecode.swift; path = ImagePickerController.swift; sourceTree = "<group>"; };
		D66ADF4421D504AD004499F2 /* FacebookLoginHelper.swift */ = {isa = PBXFileReference; fileEncoding = 4; lastKnownFileType = sourcecode.swift; path = FacebookLoginHelper.swift; sourceTree = "<group>"; };
		D66ADF4521D504AE004499F2 /* TwitterHandler.swift */ = {isa = PBXFileReference; fileEncoding = 4; lastKnownFileType = sourcecode.swift; path = TwitterHandler.swift; sourceTree = "<group>"; };
		D66ADF4621D504AE004499F2 /* DeviceMediaHandler.swift */ = {isa = PBXFileReference; fileEncoding = 4; lastKnownFileType = sourcecode.swift; path = DeviceMediaHandler.swift; sourceTree = "<group>"; };
		D66ADF4721D504AE004499F2 /* FacebookHandler.swift */ = {isa = PBXFileReference; fileEncoding = 4; lastKnownFileType = sourcecode.swift; path = FacebookHandler.swift; sourceTree = "<group>"; };
		D66ADF4821D504AE004499F2 /* TwitterHelper.swift */ = {isa = PBXFileReference; fileEncoding = 4; lastKnownFileType = sourcecode.swift; path = TwitterHelper.swift; sourceTree = "<group>"; };
		D66ADF4921D504AE004499F2 /* ImagePickerCell.swift */ = {isa = PBXFileReference; fileEncoding = 4; lastKnownFileType = sourcecode.swift; path = ImagePickerCell.swift; sourceTree = "<group>"; };
		D66ADF4A21D504AF004499F2 /* ImagePickerCell.xib */ = {isa = PBXFileReference; fileEncoding = 4; lastKnownFileType = file.xib; path = ImagePickerCell.xib; sourceTree = "<group>"; };
		D66ADF4B21D504AF004499F2 /* ImagePickerController.xib */ = {isa = PBXFileReference; fileEncoding = 4; lastKnownFileType = file.xib; path = ImagePickerController.xib; sourceTree = "<group>"; };
		D66ADF4C21D504AF004499F2 /* ImagePicker.swift */ = {isa = PBXFileReference; fileEncoding = 4; lastKnownFileType = sourcecode.swift; path = ImagePicker.swift; sourceTree = "<group>"; };
		D66ADF4D21D504AF004499F2 /* LoadingCell.xib */ = {isa = PBXFileReference; fileEncoding = 4; lastKnownFileType = file.xib; path = LoadingCell.xib; sourceTree = "<group>"; };
		D66ADF4E21D504B0004499F2 /* LoadingCell.swift */ = {isa = PBXFileReference; fileEncoding = 4; lastKnownFileType = sourcecode.swift; path = LoadingCell.swift; sourceTree = "<group>"; };
		D6B0315C2189D172003431C6 /* KiwiPods.framework */ = {isa = PBXFileReference; explicitFileType = wrapper.framework; includeInIndex = 0; path = KiwiPods.framework; sourceTree = BUILT_PRODUCTS_DIR; };
		D6B0315F2189D172003431C6 /* KiwiPods.h */ = {isa = PBXFileReference; lastKnownFileType = sourcecode.c.h; path = KiwiPods.h; sourceTree = "<group>"; };
		D6B031602189D172003431C6 /* Info.plist */ = {isa = PBXFileReference; lastKnownFileType = text.plist.xml; path = Info.plist; sourceTree = "<group>"; };
		D6B031682189D2C9003431C6 /* NetworkManager.swift */ = {isa = PBXFileReference; fileEncoding = 4; lastKnownFileType = sourcecode.swift; path = NetworkManager.swift; sourceTree = "<group>"; };
/* End PBXFileReference section */

/* Begin PBXFrameworksBuildPhase section */
		D6B031592189D172003431C6 /* Frameworks */ = {
			isa = PBXFrameworksBuildPhase;
			buildActionMask = 2147483647;
			files = (
				38F04F541C2C888359AB8568 /* Pods_KiwiPods.framework in Frameworks */,
			);
			runOnlyForDeploymentPostprocessing = 0;
		};
/* End PBXFrameworksBuildPhase section */

/* Begin PBXGroup section */
		D4C97FC8AD035A98EF92E7E4 /* Pods */ = {
			isa = PBXGroup;
			children = (
				C57934D16A5207D271DDC35C /* Pods-KiwiPods.debug.xcconfig */,
				807FADC5BC231460701B403A /* Pods-KiwiPods.release.xcconfig */,
			);
			name = Pods;
			sourceTree = "<group>";
		};
		D66ADF3D21D50488004499F2 /* HashTextView */ = {
			isa = PBXGroup;
			children = (
				D66ADF3E21D50488004499F2 /* HashTextView.swift */,
			);
			path = HashTextView;
			sourceTree = "<group>";
		};
		D66ADF3F21D50488004499F2 /* UILinkLabel */ = {
			isa = PBXGroup;
			children = (
				D66ADF4021D50488004499F2 /* UILinkLabel.swift */,
			);
			path = UILinkLabel;
			sourceTree = "<group>";
		};
		D66ADF5B21D504BA004499F2 /* Facebook */ = {
			isa = PBXGroup;
			children = (
				D66ADF4721D504AE004499F2 /* FacebookHandler.swift */,
				D66ADF4421D504AD004499F2 /* FacebookLoginHelper.swift */,
			);
			path = Facebook;
			sourceTree = "<group>";
		};
		D66ADF5C21D504C6004499F2 /* Twitter */ = {
			isa = PBXGroup;
			children = (
				D66ADF4521D504AE004499F2 /* TwitterHandler.swift */,
				D66ADF4821D504AE004499F2 /* TwitterHelper.swift */,
			);
			path = Twitter;
			sourceTree = "<group>";
		};
		D66ADF5D21D504D8004499F2 /* Social */ = {
			isa = PBXGroup;
			children = (
				D66ADF5B21D504BA004499F2 /* Facebook */,
				D66ADF5C21D504C6004499F2 /* Twitter */,
			);
			path = Social;
			sourceTree = "<group>";
		};
		D66ADF5E21D504E5004499F2 /* ImagePicker */ = {
			isa = PBXGroup;
			children = (
				D66ADF4621D504AE004499F2 /* DeviceMediaHandler.swift */,
				D66ADF4C21D504AF004499F2 /* ImagePicker.swift */,
				D66ADF4921D504AE004499F2 /* ImagePickerCell.swift */,
				D66ADF4A21D504AF004499F2 /* ImagePickerCell.xib */,
				D66ADF4321D504AD004499F2 /* ImagePickerController.swift */,
				D66ADF4B21D504AF004499F2 /* ImagePickerController.xib */,
				D66ADF4E21D504B0004499F2 /* LoadingCell.swift */,
				D66ADF4D21D504AF004499F2 /* LoadingCell.xib */,
			);
			path = ImagePicker;
			sourceTree = "<group>";
		};
		D6B031522189D172003431C6 = {
			isa = PBXGroup;
			children = (
				D6B0315E2189D172003431C6 /* KiwiPods */,
				D6B0315D2189D172003431C6 /* Products */,
				D4C97FC8AD035A98EF92E7E4 /* Pods */,
				E7DA49B519516020E9531073 /* Frameworks */,
			);
			sourceTree = "<group>";
		};
		D6B0315D2189D172003431C6 /* Products */ = {
			isa = PBXGroup;
			children = (
				D6B0315C2189D172003431C6 /* KiwiPods.framework */,
			);
			name = Products;
			sourceTree = "<group>";
		};
		D6B0315E2189D172003431C6 /* KiwiPods */ = {
			isa = PBXGroup;
			children = (
				D6B0315F2189D172003431C6 /* KiwiPods.h */,
				D66ADF5E21D504E5004499F2 /* ImagePicker */,
				D66ADF5D21D504D8004499F2 /* Social */,
				D66ADF3D21D50488004499F2 /* HashTextView */,
				D66ADF3F21D50488004499F2 /* UILinkLabel */,
				D6B031672189D2C9003431C6 /* Networking */,
				D6B031602189D172003431C6 /* Info.plist */,
			);
			path = KiwiPods;
			sourceTree = "<group>";
		};
		D6B031672189D2C9003431C6 /* Networking */ = {
			isa = PBXGroup;
			children = (
				D6B031682189D2C9003431C6 /* NetworkManager.swift */,
			);
			path = Networking;
			sourceTree = "<group>";
		};
		E7DA49B519516020E9531073 /* Frameworks */ = {
			isa = PBXGroup;
			children = (
				41185E9826A76800BF01C8A8 /* Pods_KiwiPods.framework */,
			);
			name = Frameworks;
			sourceTree = "<group>";
		};
/* End PBXGroup section */

/* Begin PBXHeadersBuildPhase section */
		D6B031572189D172003431C6 /* Headers */ = {
			isa = PBXHeadersBuildPhase;
			buildActionMask = 2147483647;
			files = (
				D6B031612189D172003431C6 /* KiwiPods.h in Headers */,
			);
			runOnlyForDeploymentPostprocessing = 0;
		};
/* End PBXHeadersBuildPhase section */

/* Begin PBXNativeTarget section */
		D6B0315B2189D172003431C6 /* KiwiPods */ = {
			isa = PBXNativeTarget;
			buildConfigurationList = D6B031642189D172003431C6 /* Build configuration list for PBXNativeTarget "KiwiPods" */;
			buildPhases = (
				B8634E4EB364EC834656E10C /* [CP] Check Pods Manifest.lock */,
				D6B031572189D172003431C6 /* Headers */,
				D6B031582189D172003431C6 /* Sources */,
				D6B031592189D172003431C6 /* Frameworks */,
				D6B0315A2189D172003431C6 /* Resources */,
				8BE64BA5DDBF575CD319E38B /* [CP] Copy Pods Resources */,
			);
			buildRules = (
			);
			dependencies = (
			);
			name = KiwiPods;
			productName = KiwiPods;
			productReference = D6B0315C2189D172003431C6 /* KiwiPods.framework */;
			productType = "com.apple.product-type.framework";
		};
/* End PBXNativeTarget section */

/* Begin PBXProject section */
		D6B031532189D172003431C6 /* Project object */ = {
			isa = PBXProject;
			attributes = {
				LastUpgradeCheck = 1000;
				ORGANIZATIONNAME = KiwiTech;
				TargetAttributes = {
					D6B0315B2189D172003431C6 = {
						CreatedOnToolsVersion = 10.0;
					};
				};
			};
			buildConfigurationList = D6B031562189D172003431C6 /* Build configuration list for PBXProject "KiwiPods" */;
			compatibilityVersion = "Xcode 9.3";
			developmentRegion = en;
			hasScannedForEncodings = 0;
			knownRegions = (
				en,
			);
			mainGroup = D6B031522189D172003431C6;
			productRefGroup = D6B0315D2189D172003431C6 /* Products */;
			projectDirPath = "";
			projectRoot = "";
			targets = (
				D6B0315B2189D172003431C6 /* KiwiPods */,
			);
		};
/* End PBXProject section */

/* Begin PBXResourcesBuildPhase section */
		D6B0315A2189D172003431C6 /* Resources */ = {
			isa = PBXResourcesBuildPhase;
			buildActionMask = 2147483647;
			files = (
				D66ADF5621D504B0004499F2 /* ImagePickerCell.xib in Resources */,
				D66ADF5721D504B0004499F2 /* ImagePickerController.xib in Resources */,
				D66ADF5921D504B0004499F2 /* LoadingCell.xib in Resources */,
			);
			runOnlyForDeploymentPostprocessing = 0;
		};
/* End PBXResourcesBuildPhase section */

/* Begin PBXShellScriptBuildPhase section */
		8BE64BA5DDBF575CD319E38B /* [CP] Copy Pods Resources */ = {
			isa = PBXShellScriptBuildPhase;
			buildActionMask = 2147483647;
			files = (
			);
			inputPaths = (
			);
			name = "[CP] Copy Pods Resources";
			outputPaths = (
			);
			runOnlyForDeploymentPostprocessing = 0;
			shellPath = /bin/sh;
			shellScript = "\"${SRCROOT}/Pods/Target Support Files/Pods-KiwiPods/Pods-KiwiPods-resources.sh\"\n";
			showEnvVarsInLog = 0;
		};
		B8634E4EB364EC834656E10C /* [CP] Check Pods Manifest.lock */ = {
			isa = PBXShellScriptBuildPhase;
			buildActionMask = 2147483647;
			files = (
			);
			inputPaths = (
				"${PODS_PODFILE_DIR_PATH}/Podfile.lock",
				"${PODS_ROOT}/Manifest.lock",
			);
			name = "[CP] Check Pods Manifest.lock";
			outputPaths = (
				"$(DERIVED_FILE_DIR)/Pods-KiwiPods-checkManifestLockResult.txt",
			);
			runOnlyForDeploymentPostprocessing = 0;
			shellPath = /bin/sh;
			shellScript = "diff \"${PODS_PODFILE_DIR_PATH}/Podfile.lock\" \"${PODS_ROOT}/Manifest.lock\" > /dev/null\nif [ $? != 0 ] ; then\n    # print error to STDERR\n    echo \"error: The sandbox is not in sync with the Podfile.lock. Run 'pod install' or update your CocoaPods installation.\" >&2\n    exit 1\nfi\n# This output is used by Xcode 'outputs' to avoid re-running this script phase.\necho \"SUCCESS\" > \"${SCRIPT_OUTPUT_FILE_0}\"\n";
			showEnvVarsInLog = 0;
		};
/* End PBXShellScriptBuildPhase section */

/* Begin PBXSourcesBuildPhase section */
		D6B031582189D172003431C6 /* Sources */ = {
			isa = PBXSourcesBuildPhase;
			buildActionMask = 2147483647;
			files = (
				D66ADF5321D504B0004499F2 /* FacebookHandler.swift in Sources */,
				D66ADF5221D504B0004499F2 /* DeviceMediaHandler.swift in Sources */,
				D66ADF5121D504B0004499F2 /* TwitterHandler.swift in Sources */,
				D66ADF4221D50488004499F2 /* UILinkLabel.swift in Sources */,
				D6B031692189D2C9003431C6 /* NetworkManager.swift in Sources */,
				D66ADF5021D504B0004499F2 /* FacebookLoginHelper.swift in Sources */,
				D66ADF5A21D504B0004499F2 /* LoadingCell.swift in Sources */,
				D66ADF4121D50488004499F2 /* HashTextView.swift in Sources */,
				D66ADF5821D504B0004499F2 /* ImagePicker.swift in Sources */,
				D66ADF4F21D504B0004499F2 /* ImagePickerController.swift in Sources */,
				D66ADF5421D504B0004499F2 /* TwitterHelper.swift in Sources */,
				D66ADF5521D504B0004499F2 /* ImagePickerCell.swift in Sources */,
			);
			runOnlyForDeploymentPostprocessing = 0;
		};
/* End PBXSourcesBuildPhase section */

/* Begin XCBuildConfiguration section */
		D6B031622189D172003431C6 /* Debug */ = {
			isa = XCBuildConfiguration;
			buildSettings = {
				ALWAYS_SEARCH_USER_PATHS = NO;
				CLANG_ANALYZER_NONNULL = YES;
				CLANG_ANALYZER_NUMBER_OBJECT_CONVERSION = YES_AGGRESSIVE;
				CLANG_CXX_LANGUAGE_STANDARD = "gnu++14";
				CLANG_CXX_LIBRARY = "libc++";
				CLANG_ENABLE_MODULES = YES;
				CLANG_ENABLE_OBJC_ARC = YES;
				CLANG_ENABLE_OBJC_WEAK = YES;
				CLANG_WARN_BLOCK_CAPTURE_AUTORELEASING = YES;
				CLANG_WARN_BOOL_CONVERSION = YES;
				CLANG_WARN_COMMA = YES;
				CLANG_WARN_CONSTANT_CONVERSION = YES;
				CLANG_WARN_DEPRECATED_OBJC_IMPLEMENTATIONS = YES;
				CLANG_WARN_DIRECT_OBJC_ISA_USAGE = YES_ERROR;
				CLANG_WARN_DOCUMENTATION_COMMENTS = YES;
				CLANG_WARN_EMPTY_BODY = YES;
				CLANG_WARN_ENUM_CONVERSION = YES;
				CLANG_WARN_INFINITE_RECURSION = YES;
				CLANG_WARN_INT_CONVERSION = YES;
				CLANG_WARN_NON_LITERAL_NULL_CONVERSION = YES;
				CLANG_WARN_OBJC_IMPLICIT_RETAIN_SELF = YES;
				CLANG_WARN_OBJC_LITERAL_CONVERSION = YES;
				CLANG_WARN_OBJC_ROOT_CLASS = YES_ERROR;
				CLANG_WARN_RANGE_LOOP_ANALYSIS = YES;
				CLANG_WARN_STRICT_PROTOTYPES = YES;
				CLANG_WARN_SUSPICIOUS_MOVE = YES;
				CLANG_WARN_UNGUARDED_AVAILABILITY = YES_AGGRESSIVE;
				CLANG_WARN_UNREACHABLE_CODE = YES;
				CLANG_WARN__DUPLICATE_METHOD_MATCH = YES;
				CODE_SIGN_IDENTITY = "iPhone Developer";
				COPY_PHASE_STRIP = NO;
				CURRENT_PROJECT_VERSION = 1;
				DEBUG_INFORMATION_FORMAT = dwarf;
				ENABLE_STRICT_OBJC_MSGSEND = YES;
				ENABLE_TESTABILITY = YES;
				GCC_C_LANGUAGE_STANDARD = gnu11;
				GCC_DYNAMIC_NO_PIC = NO;
				GCC_NO_COMMON_BLOCKS = YES;
				GCC_OPTIMIZATION_LEVEL = 0;
				GCC_PREPROCESSOR_DEFINITIONS = (
					"DEBUG=1",
					"$(inherited)",
				);
				GCC_WARN_64_TO_32_BIT_CONVERSION = YES;
				GCC_WARN_ABOUT_RETURN_TYPE = YES_ERROR;
				GCC_WARN_UNDECLARED_SELECTOR = YES;
				GCC_WARN_UNINITIALIZED_AUTOS = YES_AGGRESSIVE;
				GCC_WARN_UNUSED_FUNCTION = YES;
				GCC_WARN_UNUSED_VARIABLE = YES;
				IPHONEOS_DEPLOYMENT_TARGET = 12.0;
				MTL_ENABLE_DEBUG_INFO = INCLUDE_SOURCE;
				MTL_FAST_MATH = YES;
				ONLY_ACTIVE_ARCH = YES;
				SDKROOT = iphoneos;
				SWIFT_ACTIVE_COMPILATION_CONDITIONS = DEBUG;
				SWIFT_OPTIMIZATION_LEVEL = "-Onone";
				VERSIONING_SYSTEM = "apple-generic";
				VERSION_INFO_PREFIX = "";
			};
			name = Debug;
		};
		D6B031632189D172003431C6 /* Release */ = {
			isa = XCBuildConfiguration;
			buildSettings = {
				ALWAYS_SEARCH_USER_PATHS = NO;
				CLANG_ANALYZER_NONNULL = YES;
				CLANG_ANALYZER_NUMBER_OBJECT_CONVERSION = YES_AGGRESSIVE;
				CLANG_CXX_LANGUAGE_STANDARD = "gnu++14";
				CLANG_CXX_LIBRARY = "libc++";
				CLANG_ENABLE_MODULES = YES;
				CLANG_ENABLE_OBJC_ARC = YES;
				CLANG_ENABLE_OBJC_WEAK = YES;
				CLANG_WARN_BLOCK_CAPTURE_AUTORELEASING = YES;
				CLANG_WARN_BOOL_CONVERSION = YES;
				CLANG_WARN_COMMA = YES;
				CLANG_WARN_CONSTANT_CONVERSION = YES;
				CLANG_WARN_DEPRECATED_OBJC_IMPLEMENTATIONS = YES;
				CLANG_WARN_DIRECT_OBJC_ISA_USAGE = YES_ERROR;
				CLANG_WARN_DOCUMENTATION_COMMENTS = YES;
				CLANG_WARN_EMPTY_BODY = YES;
				CLANG_WARN_ENUM_CONVERSION = YES;
				CLANG_WARN_INFINITE_RECURSION = YES;
				CLANG_WARN_INT_CONVERSION = YES;
				CLANG_WARN_NON_LITERAL_NULL_CONVERSION = YES;
				CLANG_WARN_OBJC_IMPLICIT_RETAIN_SELF = YES;
				CLANG_WARN_OBJC_LITERAL_CONVERSION = YES;
				CLANG_WARN_OBJC_ROOT_CLASS = YES_ERROR;
				CLANG_WARN_RANGE_LOOP_ANALYSIS = YES;
				CLANG_WARN_STRICT_PROTOTYPES = YES;
				CLANG_WARN_SUSPICIOUS_MOVE = YES;
				CLANG_WARN_UNGUARDED_AVAILABILITY = YES_AGGRESSIVE;
				CLANG_WARN_UNREACHABLE_CODE = YES;
				CLANG_WARN__DUPLICATE_METHOD_MATCH = YES;
				CODE_SIGN_IDENTITY = "iPhone Developer";
				COPY_PHASE_STRIP = NO;
				CURRENT_PROJECT_VERSION = 1;
				DEBUG_INFORMATION_FORMAT = "dwarf-with-dsym";
				ENABLE_NS_ASSERTIONS = NO;
				ENABLE_STRICT_OBJC_MSGSEND = YES;
				GCC_C_LANGUAGE_STANDARD = gnu11;
				GCC_NO_COMMON_BLOCKS = YES;
				GCC_WARN_64_TO_32_BIT_CONVERSION = YES;
				GCC_WARN_ABOUT_RETURN_TYPE = YES_ERROR;
				GCC_WARN_UNDECLARED_SELECTOR = YES;
				GCC_WARN_UNINITIALIZED_AUTOS = YES_AGGRESSIVE;
				GCC_WARN_UNUSED_FUNCTION = YES;
				GCC_WARN_UNUSED_VARIABLE = YES;
				IPHONEOS_DEPLOYMENT_TARGET = 12.0;
				MTL_ENABLE_DEBUG_INFO = NO;
				MTL_FAST_MATH = YES;
				SDKROOT = iphoneos;
				SWIFT_COMPILATION_MODE = wholemodule;
				SWIFT_OPTIMIZATION_LEVEL = "-O";
				VALIDATE_PRODUCT = YES;
				VERSIONING_SYSTEM = "apple-generic";
				VERSION_INFO_PREFIX = "";
			};
			name = Release;
		};
		D6B031652189D172003431C6 /* Debug */ = {
			isa = XCBuildConfiguration;
			baseConfigurationReference = C57934D16A5207D271DDC35C /* Pods-KiwiPods.debug.xcconfig */;
			buildSettings = {
				CODE_SIGN_IDENTITY = "";
				CODE_SIGN_STYLE = Automatic;
				DEFINES_MODULE = YES;
				DYLIB_COMPATIBILITY_VERSION = 1;
				DYLIB_CURRENT_VERSION = 1;
				DYLIB_INSTALL_NAME_BASE = "@rpath";
				INFOPLIST_FILE = KiwiPods/Info.plist;
				INSTALL_PATH = "$(LOCAL_LIBRARY_DIR)/Frameworks";
				LD_RUNPATH_SEARCH_PATHS = (
					"$(inherited)",
					"@executable_path/Frameworks",
					"@loader_path/Frameworks",
				);
				PRODUCT_BUNDLE_IDENTIFIER = Kiwitech.KiwiPods;
				PRODUCT_NAME = "$(TARGET_NAME:c99extidentifier)";
				SKIP_INSTALL = YES;
				SWIFT_VERSION = 4.2;
				TARGETED_DEVICE_FAMILY = "1,2";
			};
			name = Debug;
		};
		D6B031662189D172003431C6 /* Release */ = {
			isa = XCBuildConfiguration;
			baseConfigurationReference = 807FADC5BC231460701B403A /* Pods-KiwiPods.release.xcconfig */;
			buildSettings = {
				CODE_SIGN_IDENTITY = "";
				CODE_SIGN_STYLE = Automatic;
				DEFINES_MODULE = YES;
				DYLIB_COMPATIBILITY_VERSION = 1;
				DYLIB_CURRENT_VERSION = 1;
				DYLIB_INSTALL_NAME_BASE = "@rpath";
				INFOPLIST_FILE = KiwiPods/Info.plist;
				INSTALL_PATH = "$(LOCAL_LIBRARY_DIR)/Frameworks";
				LD_RUNPATH_SEARCH_PATHS = (
					"$(inherited)",
					"@executable_path/Frameworks",
					"@loader_path/Frameworks",
				);
				PRODUCT_BUNDLE_IDENTIFIER = Kiwitech.KiwiPods;
				PRODUCT_NAME = "$(TARGET_NAME:c99extidentifier)";
				SKIP_INSTALL = YES;
				SWIFT_VERSION = 4.2;
				TARGETED_DEVICE_FAMILY = "1,2";
			};
			name = Release;
		};
/* End XCBuildConfiguration section */

/* Begin XCConfigurationList section */
		D6B031562189D172003431C6 /* Build configuration list for PBXProject "KiwiPods" */ = {
			isa = XCConfigurationList;
			buildConfigurations = (
				D6B031622189D172003431C6 /* Debug */,
				D6B031632189D172003431C6 /* Release */,
			);
			defaultConfigurationIsVisible = 0;
			defaultConfigurationName = Release;
		};
		D6B031642189D172003431C6 /* Build configuration list for PBXNativeTarget "KiwiPods" */ = {
			isa = XCConfigurationList;
			buildConfigurations = (
				D6B031652189D172003431C6 /* Debug */,
				D6B031662189D172003431C6 /* Release */,
			);
			defaultConfigurationIsVisible = 0;
			defaultConfigurationName = Release;
		};
/* End XCConfigurationList section */
	};
	rootObject = D6B031532189D172003431C6 /* Project object */;
}
